
Microsoft Visual Studio Solution File, Format Version 12.00
# Visual Studio Version 16
VisualStudioVersion = 16.0.31410.357
MinimumVisualStudioVersion = 10.0.40219.1
Project("{9A19103F-16F7-4668-BE54-9A1E7A4F7556}") = "Trabalho_Mercado_Online", "Trabalho_Mercado_Online\Trabalho_Mercado_Online.csproj", "{87382C21-166F-48EF-A2A2-316999E10ECD}"
EndProject
Global
	GlobalSection(SolutionConfigurationPlatforms) = preSolution
		Debug|Any CPU = Debug|Any CPU
		Debug|x86 = Debug|x86
		Release|Any CPU = Release|Any CPU
		Release|x86 = Release|x86
	EndGlobalSection
	GlobalSection(ProjectConfigurationPlatforms) = postSolution
		{87382C21-166F-48EF-A2A2-316999E10ECD}.Debug|Any CPU.ActiveCfg = Debug|Any CPU
		{87382C21-166F-48EF-A2A2-316999E10ECD}.Debug|Any CPU.Build.0 = Debug|Any CPU
		{87382C21-166F-48EF-A2A2-316999E10ECD}.Debug|x86.ActiveCfg = Debug|x86
		{87382C21-166F-48EF-A2A2-316999E10ECD}.Debug|x86.Build.0 = Debug|x86
		{87382C21-166F-48EF-A2A2-316999E10ECD}.Release|Any CPU.ActiveCfg = Release|Any CPU
		{87382C21-166F-48EF-A2A2-316999E10ECD}.Release|Any CPU.Build.0 = Release|Any CPU
		{87382C21-166F-48EF-A2A2-316999E10ECD}.Release|x86.ActiveCfg = Release|x86
		{87382C21-166F-48EF-A2A2-316999E10ECD}.Release|x86.Build.0 = Release|x86
	EndGlobalSection
	GlobalSection(SolutionProperties) = preSolution
		HideSolutionNode = FALSE
	EndGlobalSection
	GlobalSection(ExtensibilityGlobals) = postSolution
		SolutionGuid = {DAA11D8C-73AC-4E31-8663-4276D0DA352D}
	EndGlobalSection
EndGlobal
